<?xml version="1.0" encoding="UTF-8" standalone="yes" ?>
<CodeBlocks_project_file>
	<FileVersion major="1" minor="6" />
	<Project>
		<Option title="2h_converter" />
		<Option pch_mode="2" />
		<Option compiler="gcc" />
		<Build>
			<Target title="Debug Win32">
				<Option output="K:\t_MY_WORK\y_jdksmidi\z_2h_converter\2h_converter_gwd" prefix_auto="1" extension_auto="1" />
				<Option object_output="Debug Win32" />
				<Option type="1" />
				<Option compiler="gcc" />
				<Compiler>
					<Add option="-DWIN32" />
					<Add option="-D_DEBUG" />
					<Add option="-D_CONSOLE" />
					<Add option="-W" />
					<Add option="-g" />
					<Add option="-O0" />
					<Add directory="..\libjdksmidi\include" />
				</Compiler>
				<ResourceCompiler>
					<Add directory="..\libjdksmidi\include" />
				</ResourceCompiler>
				<Linker>
					<Add library="winmm" />
				</Linker>
			</Target>
			<Target title="Release Win32">
				<Option output="K:\t_MY_WORK\y_jdksmidi\z_2h_converter\2h_converter_gw" prefix_auto="1" extension_auto="1" />
				<Option object_output="Release Win32" />
				<Option type="1" />
				<Option compiler="gcc" />
				<Compiler>
					<Add option="-march=pentium4" />
					<Add option="-fomit-frame-pointer" />
					<Add option="-fexpensive-optimizations" />
					<Add option="-Os" />
					<Add option="-O3" />
					<Add option="-O2" />
					<Add option="-O1" />
					<Add option="-O" />
					<Add option="-W" />
					<Add option="-DWIN32" />
					<Add option="-DNDEBUG" />
					<Add option="-D_CONSOLE" />
					<Add directory="..\libjdksmidi\include" />
				</Compiler>
				<ResourceCompiler>
					<Add directory="..\libjdksmidi\include" />
				</ResourceCompiler>
				<Linker>
					<Add option="-s" />
					<Add option="-static" />
					<Add library="winmm" />
				</Linker>
			</Target>
		</Build>
		<Unit filename="..\libjdksmidi\include\jdksmidi\advancedsequencer.h" />
		<Unit filename="..\libjdksmidi\include\jdksmidi\driver.h" />
		<Unit filename="..\libjdksmidi\include\jdksmidi\driverdump.h" />
		<Unit filename="..\libjdksmidi\include\jdksmidi\driverwin32.h" />
		<Unit filename="..\libjdksmidi\include\jdksmidi\edittrack.h" />
		<Unit filename="..\libjdksmidi\include\jdksmidi\file.h" />
		<Unit filename="..\libjdksmidi\include\jdksmidi\fileread.h" />
		<Unit filename="..\libjdksmidi\include\jdksmidi\filereadmultitrack.h" />
		<Unit filename="..\libjdksmidi\include\jdksmidi\fileshow.h" />
		<Unit filename="..\libjdksmidi\include\jdksmidi\filewrite.h" />
		<Unit filename="..\libjdksmidi\include\jdksmidi\filewritemultitrack.h" />
		<Unit filename="..\libjdksmidi\include\jdksmidi\keysig.h" />
		<Unit filename="..\libjdksmidi\include\jdksmidi\manager.h" />
		<Unit filename="..\libjdksmidi\include\jdksmidi\matrix.h" />
		<Unit filename="..\libjdksmidi\include\jdksmidi\midi.h" />
		<Unit filename="..\libjdksmidi\include\jdksmidi\msg.h" />
		<Unit filename="..\libjdksmidi\include\jdksmidi\multitrack.h" />
		<Unit filename="..\libjdksmidi\include\jdksmidi\parser.h" />
		<Unit filename="..\libjdksmidi\include\jdksmidi\process.h" />
		<Unit filename="..\libjdksmidi\include\jdksmidi\queue.h" />
		<Unit filename="..\libjdksmidi\include\jdksmidi\sequencer.h" />
		<Unit filename="..\libjdksmidi\include\jdksmidi\showcontrol.h" />
		<Unit filename="..\libjdksmidi\include\jdksmidi\showcontrolhandler.h" />
		<Unit filename="..\libjdksmidi\include\jdksmidi\smpte.h" />
		<Unit filename="..\libjdksmidi\include\jdksmidi\song.h" />
		<Unit filename="..\libjdksmidi\include\jdksmidi\sysex.h" />
		<Unit filename="..\libjdksmidi\include\jdksmidi\tempo.h" />
		<Unit filename="..\libjdksmidi\include\jdksmidi\tick.h" />
		<Unit filename="..\libjdksmidi\include\jdksmidi\track.h" />
		<Unit filename="..\libjdksmidi\include\jdksmidi\utils.h" />
		<Unit filename="..\libjdksmidi\include\jdksmidi\world.h" />
		<Unit filename="..\libjdksmidi\include\jdksmidi_advancedsequencer.cpp" />
		<Unit filename="..\libjdksmidi\include\jdksmidi_driver.cpp" />
		<Unit filename="..\libjdksmidi\include\jdksmidi_driverdump.cpp" />
		<Unit filename="..\libjdksmidi\include\jdksmidi_driverwin32.cpp" />
		<Unit filename="..\libjdksmidi\include\jdksmidi_edittrack.cpp" />
		<Unit filename="..\libjdksmidi\include\jdksmidi_file.cpp" />
		<Unit filename="..\libjdksmidi\include\jdksmidi_fileread.cpp" />
		<Unit filename="..\libjdksmidi\include\jdksmidi_filereadmultitrack.cpp" />
		<Unit filename="..\libjdksmidi\include\jdksmidi_fileshow.cpp" />
		<Unit filename="..\libjdksmidi\include\jdksmidi_filewrite.cpp" />
		<Unit filename="..\libjdksmidi\include\jdksmidi_filewritemultitrack.cpp" />
		<Unit filename="..\libjdksmidi\include\jdksmidi_keysig.cpp" />
		<Unit filename="..\libjdksmidi\include\jdksmidi_manager.cpp" />
		<Unit filename="..\libjdksmidi\include\jdksmidi_matrix.cpp" />
		<Unit filename="..\libjdksmidi\include\jdksmidi_midi.cpp" />
		<Unit filename="..\libjdksmidi\include\jdksmidi_msg.cpp" />
		<Unit filename="..\libjdksmidi\include\jdksmidi_multitrack.cpp" />
		<Unit filename="..\libjdksmidi\include\jdksmidi_parser.cpp" />
		<Unit filename="..\libjdksmidi\include\jdksmidi_process.cpp" />
		<Unit filename="..\libjdksmidi\include\jdksmidi_queue.cpp" />
		<Unit filename="..\libjdksmidi\include\jdksmidi_sequencer.cpp" />
		<Unit filename="..\libjdksmidi\include\jdksmidi_showcontrol.cpp" />
		<Unit filename="..\libjdksmidi\include\jdksmidi_showcontrolhandler.cpp" />
		<Unit filename="..\libjdksmidi\include\jdksmidi_smpte.cpp" />
		<Unit filename="..\libjdksmidi\include\jdksmidi_sysex.cpp" />
		<Unit filename="..\libjdksmidi\include\jdksmidi_tempo.cpp" />
		<Unit filename="..\libjdksmidi\include\jdksmidi_tick.cpp" />
		<Unit filename="..\libjdksmidi\include\jdksmidi_track.cpp" />
		<Unit filename="..\libjdksmidi\include\jdksmidi_utils.cpp" />
		<Unit filename="amain.cpp" />
		<Unit filename="amain.h" />
		<Unit filename="ar.h" />
		<Unit filename="daccords.cpp" />
		<Unit filename="daccords.h" />
		<Unit filename="files.cpp" />
		<Unit filename="files.h" />
		<Unit filename="random.cpp" />
		<Unit filename="random.h" />
		<Unit filename="stdafx.h" />
		<Unit filename="tools.h" />
		<Unit filename="unicode.cpp" />
		<Unit filename="unicode.h" />
		<Unit filename="win_tools.cpp" />
		<Unit filename="win_tools.h" />
		<Extensions>
			<code_completion />
			<debugger />
		</Extensions>
	</Project>
</CodeBlocks_project_file>
